// !$*UTF8*$!
{
	archiveVersion = 1;
	classes = {
	};
	objectVersion = 50;
	objects = {

/* Begin PBXBuildFile section */
		B4FCDA12233508E100E34C39 /* StringProcessingService.m in Sources */ = {isa = PBXBuildFile; fileRef = B4FCDA11233508E100E34C39 /* StringProcessingService.m */; };
		B4FCDA14233508E100E34C39 /* main.m in Sources */ = {isa = PBXBuildFile; fileRef = B4FCDA13233508E100E34C39 /* main.m */; };
		B4FCDA2823350E0100E34C39 /* StringProcessing.framework in Frameworks */ = {isa = PBXBuildFile; fileRef = B4FCDA2723350E0100E34C39 /* StringProcessing.framework */; };
/* End PBXBuildFile section */

/* Begin PBXFileReference section */
		B4FCDA0C233508E100E34C39 /* StringProcessingService.xpc */ = {isa = PBXFileReference; explicitFileType = "wrapper.xpc-service"; includeInIndex = 0; path = StringProcessingService.xpc; sourceTree = BUILT_PRODUCTS_DIR; };
		B4FCDA0F233508E100E34C39 /* StringProcessingServiceProtocol.h */ = {isa = PBXFileReference; lastKnownFileType = sourcecode.c.h; path = StringProcessingServiceProtocol.h; sourceTree = "<group>"; };
		B4FCDA10233508E100E34C39 /* StringProcessingService.h */ = {isa = PBXFileReference; lastKnownFileType = sourcecode.c.h; path = StringProcessingService.h; sourceTree = "<group>"; };
		B4FCDA11233508E100E34C39 /* StringProcessingService.m */ = {isa = PBXFileReference; lastKnownFileType = sourcecode.c.objc; path = StringProcessingService.m; sourceTree = "<group>"; };
		B4FCDA13233508E100E34C39 /* main.m */ = {isa = PBXFileReference; lastKnownFileType = sourcecode.c.objc; path = main.m; sourceTree = "<group>"; };
		B4FCDA15233508E100E34C39 /* Info.plist */ = {isa = PBXFileReference; lastKnownFileType = text.plist.xml; path = Info.plist; sourceTree = "<group>"; };
		B4FCDA2723350E0100E34C39 /* StringProcessing.framework */ = {isa = PBXFileReference; explicitFileType = wrapper.framework; path = StringProcessing.framework; sourceTree = BUILT_PRODUCTS_DIR; };
/* End PBXFileReference section */

/* Begin PBXFrameworksBuildPhase section */
		B4FCDA09233508E100E34C39 /* Frameworks */ = {
			isa = PBXFrameworksBuildPhase;
			buildActionMask = 2147483647;
			files = (
				B4FCDA2823350E0100E34C39 /* StringProcessing.framework in Frameworks */,
			);
			runOnlyForDeploymentPostprocessing = 0;
		};
/* End PBXFrameworksBuildPhase section */

/* Begin PBXGroup section */
		B4FCDA03233508E100E34C39 = {
			isa = PBXGroup;
			children = (
				B4FCDA0E233508E100E34C39 /* StringProcessingService */,
				B4FCDA0D233508E100E34C39 /* Products */,
				B4FCDA2623350E0100E34C39 /* Frameworks */,
			);
			sourceTree = "<group>";
		};
		B4FCDA0D233508E100E34C39 /* Products */ = {
			isa = PBXGroup;
			children = (
				B4FCDA0C233508E100E34C39 /* StringProcessingService.xpc */,
			);
			name = Products;
			sourceTree = "<group>";
		};
		B4FCDA0E233508E100E34C39 /* StringProcessingService */ = {
			isa = PBXGroup;
			children = (
				B4FCDA10233508E100E34C39 /* StringProcessingService.h */,
				B4FCDA0F233508E100E34C39 /* StringProcessingServiceProtocol.h */,
				B4FCDA11233508E100E34C39 /* StringProcessingService.m */,
				B4FCDA13233508E100E34C39 /* main.m */,
				B4FCDA15233508E100E34C39 /* Info.plist */,
			);
			path = StringProcessingService;
			sourceTree = "<group>";
		};
		B4FCDA2623350E0100E34C39 /* Frameworks */ = {
			isa = PBXGroup;
			children = (
				B4FCDA2723350E0100E34C39 /* StringProcessing.framework */,
			);
			name = Frameworks;
			sourceTree = "<group>";
		};
/* End PBXGroup section */

/* Begin PBXNativeTarget section */
		B4FCDA0B233508E100E34C39 /* StringProcessingService */ = {
			isa = PBXNativeTarget;
			buildConfigurationList = B4FCDA18233508E100E34C39 /* Build configuration list for PBXNativeTarget "StringProcessingService" */;
			buildPhases = (
				B4FCDA08233508E100E34C39 /* Sources */,
				B4FCDA09233508E100E34C39 /* Frameworks */,
				B4FCDA0A233508E100E34C39 /* Resources */,
			);
			buildRules = (
			);
			dependencies = (
			);
			name = StringProcessingService;
			productName = StringProcessingService;
			productReference = B4FCDA0C233508E100E34C39 /* StringProcessingService.xpc */;
			productType = "com.apple.product-type.xpc-service";
		};
/* End PBXNativeTarget section */

/* Begin PBXProject section */
		B4FCDA04233508E100E34C39 /* Project object */ = {
			isa = PBXProject;
			attributes = {
				LastUpgradeCheck = 1020;
				ORGANIZATIONNAME = "About Objects";
				TargetAttributes = {
					B4FCDA0B233508E100E34C39 = {
						CreatedOnToolsVersion = 10.2.1;
					};
				};
			};
			buildConfigurationList = B4FCDA07233508E100E34C39 /* Build configuration list for PBXProject "StringProcessingService" */;
			compatibilityVersion = "Xcode 9.3";
			developmentRegion = en;
			hasScannedForEncodings = 0;
			knownRegions = (
				en,
			);
			mainGroup = B4FCDA03233508E100E34C39;
			productRefGroup = B4FCDA0D233508E100E34C39 /* Products */;
			projectDirPath = "";
			projectRoot = "";
			targets = (
				B4FCDA0B233508E100E34C39 /* StringProcessingService */,
			);
		};
/* End PBXProject section */

/* Begin PBXResourcesBuildPhase section */
		B4FCDA0A233508E100E34C39 /* Resources */ = {
			isa = PBXResourcesBuildPhase;
			buildActionMask = 2147483647;
			files = (
			);
			runOnlyForDeploymentPostprocessing = 0;
		};
/* End PBXResourcesBuildPhase section */

/* Begin PBXSourcesBuildPhase section */
		B4FCDA08233508E100E34C39 /* Sources */ = {
			isa = PBXSourcesBuildPhase;
			buildActionMask = 2147483647;
			files = (
				B4FCDA14233508E100E34C39 /* main.m in Sources */,
				B4FCDA12233508E100E34C39 /* StringProcessingService.m in Sources */,
			);
			runOnlyForDeploymentPostprocessing = 0;
		};
/* End PBXSourcesBuildPhase section */

/* Begin XCBuildConfiguration section */
		B4FCDA16233508E100E34C39 /* Debug */ = {
			isa = XCBuildConfiguration;
			buildSettings = {
				ALWAYS_SEARCH_USER_PATHS = NO;
				CLANG_ANALYZER_NONNULL = YES;
				CLANG_ANALYZER_NUMBER_OBJECT_CONVERSION = YES_AGGRESSIVE;
				CLANG_CXX_LANGUAGE_STANDARD = "gnu++14";
				CLANG_CXX_LIBRARY = "libc++";
				CLANG_ENABLE_MODULES = YES;
				CLANG_ENABLE_OBJC_ARC = YES;
				CLANG_ENABLE_OBJC_WEAK = YES;
				CLANG_WARN_BLOCK_CAPTURE_AUTORELEASING = YES;
				CLANG_WARN_BOOL_CONVERSION = YES;
				CLANG_WARN_COMMA = YES;
				CLANG_WARN_CONSTANT_CONVERSION = YES;
				CLANG_WARN_DEPRECATED_OBJC_IMPLEMENTATIONS = YES;
				CLANG_WARN_DIRECT_OBJC_ISA_USAGE = YES_ERROR;
				CLANG_WARN_DOCUMENTATION_COMMENTS = YES;
				CLANG_WARN_EMPTY_BODY = YES;
				CLANG_WARN_ENUM_CONVERSION = YES;
				CLANG_WARN_INFINITE_RECURSION = YES;
				CLANG_WARN_INT_CONVERSION = YES;
				CLANG_WARN_NON_LITERAL_NULL_CONVERSION = YES;
				CLANG_WARN_OBJC_IMPLICIT_RETAIN_SELF = YES;
				CLANG_WARN_OBJC_LITERAL_CONVERSION = YES;
				CLANG_WARN_OBJC_ROOT_CLASS = YES_ERROR;
				CLANG_WARN_RANGE_LOOP_ANALYSIS = YES;
				CLANG_WARN_STRICT_PROTOTYPES = YES;
				CLANG_WARN_SUSPICIOUS_MOVE = YES;
				CLANG_WARN_UNGUARDED_AVAILABILITY = YES_AGGRESSIVE;
				CLANG_WARN_UNREACHABLE_CODE = YES;
				CLANG_WARN__DUPLICATE_METHOD_MATCH = YES;
				CODE_SIGN_IDENTITY = "-";
				COPY_PHASE_STRIP = NO;
				DEBUG_INFORMATION_FORMAT = dwarf;
				ENABLE_STRICT_OBJC_MSGSEND = YES;
				ENABLE_TESTABILITY = YES;
				GCC_C_LANGUAGE_STANDARD = gnu11;
				GCC_DYNAMIC_NO_PIC = NO;
				GCC_NO_COMMON_BLOCKS = YES;
				GCC_OPTIMIZATION_LEVEL = 0;
				GCC_PREPROCESSOR_DEFINITIONS = (
					"DEBUG=1",
					"$(inherited)",
				);
				GCC_WARN_64_TO_32_BIT_CONVERSION = YES;
				GCC_WARN_ABOUT_RETURN_TYPE = YES_ERROR;
				GCC_WARN_UNDECLARED_SELECTOR = YES;
				GCC_WARN_UNINITIALIZED_AUTOS = YES_AGGRESSIVE;
				GCC_WARN_UNUSED_FUNCTION = YES;
				GCC_WARN_UNUSED_VARIABLE = YES;
				MACOSX_DEPLOYMENT_TARGET = 10.14;
				MTL_ENABLE_DEBUG_INFO = INCLUDE_SOURCE;
				MTL_FAST_MATH = YES;
				ONLY_ACTIVE_ARCH = YES;
				SDKROOT = macosx;
			};
			name = Debug;
		};
		B4FCDA17233508E100E34C39 /* Release */ = {
			isa = XCBuildConfiguration;
			buildSettings = {
				ALWAYS_SEARCH_USER_PATHS = NO;
				CLANG_ANALYZER_NONNULL = YES;
				CLANG_ANALYZER_NUMBER_OBJECT_CONVERSION = YES_AGGRESSIVE;
				CLANG_CXX_LANGUAGE_STANDARD = "gnu++14";
				CLANG_CXX_LIBRARY = "libc++";
				CLANG_ENABLE_MODULES = YES;
				CLANG_ENABLE_OBJC_ARC = YES;
				CLANG_ENABLE_OBJC_WEAK = YES;
				CLANG_WARN_BLOCK_CAPTURE_AUTORELEASING = YES;
				CLANG_WARN_BOOL_CONVERSION = YES;
				CLANG_WARN_COMMA = YES;
				CLANG_WARN_CONSTANT_CONVERSION = YES;
				CLANG_WARN_DEPRECATED_OBJC_IMPLEMENTATIONS = YES;
				CLANG_WARN_DIRECT_OBJC_ISA_USAGE = YES_ERROR;
				CLANG_WARN_DOCUMENTATION_COMMENTS = YES;
				CLANG_WARN_EMPTY_BODY = YES;
				CLANG_WARN_ENUM_CONVERSION = YES;
				CLANG_WARN_INFINITE_RECURSION = YES;
				CLANG_WARN_INT_CONVERSION = YES;
				CLANG_WARN_NON_LITERAL_NULL_CONVERSION = YES;
				CLANG_WARN_OBJC_IMPLICIT_RETAIN_SELF = YES;
				CLANG_WARN_OBJC_LITERAL_CONVERSION = YES;
				CLANG_WARN_OBJC_ROOT_CLASS = YES_ERROR;
				CLANG_WARN_RANGE_LOOP_ANALYSIS = YES;
				CLANG_WARN_STRICT_PROTOTYPES = YES;
				CLANG_WARN_SUSPICIOUS_MOVE = YES;
				CLANG_WARN_UNGUARDED_AVAILABILITY = YES_AGGRESSIVE;
				CLANG_WARN_UNREACHABLE_CODE = YES;
				CLANG_WARN__DUPLICATE_METHOD_MATCH = YES;
				CODE_SIGN_IDENTITY = "-";
				COPY_PHASE_STRIP = NO;
				DEBUG_INFORMATION_FORMAT = "dwarf-with-dsym";
				ENABLE_NS_ASSERTIONS = NO;
				ENABLE_STRICT_OBJC_MSGSEND = YES;
				GCC_C_LANGUAGE_STANDARD = gnu11;
				GCC_NO_COMMON_BLOCKS = YES;
				GCC_WARN_64_TO_32_BIT_CONVERSION = YES;
				GCC_WARN_ABOUT_RETURN_TYPE = YES_ERROR;
				GCC_WARN_UNDECLARED_SELECTOR = YES;
				GCC_WARN_UNINITIALIZED_AUTOS = YES_AGGRESSIVE;
				GCC_WARN_UNUSED_FUNCTION = YES;
				GCC_WARN_UNUSED_VARIABLE = YES;
				MACOSX_DEPLOYMENT_TARGET = 10.14;
				MTL_ENABLE_DEBUG_INFO = NO;
				MTL_FAST_MATH = YES;
				SDKROOT = macosx;
			};
			name = Release;
		};
		B4FCDA19233508E100E34C39 /* Debug */ = {
			isa = XCBuildConfiguration;
			buildSettings = {
				CODE_SIGN_STYLE = Automatic;
				COMBINE_HIDPI_IMAGES = YES;
				INFOPLIST_FILE = StringProcessingService/Info.plist;
				LD_RUNPATH_SEARCH_PATHS = (
					"$(inherited)",
					"@loader_path/../../../../Frameworks",
				);
				PRODUCT_BUNDLE_IDENTIFIER = com.aboutobjects.StringProcessingService;
				PRODUCT_NAME = "$(TARGET_NAME)";
				SKIP_INSTALL = YES;
			};
			name = Debug;
		};
		B4FCDA1A233508E100E34C39 /* Release */ = {
			isa = XCBuildConfiguration;
			buildSettings = {
				CODE_SIGN_STYLE = Automatic;
				COMBINE_HIDPI_IMAGES = YES;
				INFOPLIST_FILE = StringProcessingService/Info.plist;
				LD_RUNPATH_SEARCH_PATHS = (
					"$(inherited)",
					"@loader_path/../../../../Frameworks",
				);
				PRODUCT_BUNDLE_IDENTIFIER = com.aboutobjects.StringProcessingService;
				PRODUCT_NAME = "$(TARGET_NAME)";
				SKIP_INSTALL = YES;
			};
			name = Release;
		};
/* End XCBuildConfiguration section */

/* Begin XCConfigurationList section */
		B4FCDA07233508E100E34C39 /* Build configuration list for PBXProject "StringProcessingService" */ = {
			isa = XCConfigurationList;
			buildConfigurations = (
				B4FCDA16233508E100E34C39 /* Debug */,
				B4FCDA17233508E100E34C39 /* Release */,
			);
			defaultConfigurationIsVisible = 0;
			defaultConfigurationName = Release;
		};
		B4FCDA18233508E100E34C39 /* Build configuration list for PBXNativeTarget "StringProcessingService" */ = {
			isa = XCConfigurationList;
			buildConfigurations = (
				B4FCDA19233508E100E34C39 /* Debug */,
				B4FCDA1A233508E100E34C39 /* Release */,
			);
			defaultConfigurationIsVisible = 0;
			defaultConfigurationName = Release;
		};
/* End XCConfigurationList section */
	};
	rootObject = B4FCDA04233508E100E34C39 /* Project object */;
}
